
Microsoft Visual Studio Solution File, Format Version 12.00
# Visual Studio Version 17
VisualStudioVersion = 17.0.31903.59
MinimumVisualStudioVersion = 10.0.40219.1
Project("{2150E333-8FDC-42A3-9474-1A3956D46DE8}") = "src", "src", "{427F375B-366C-4651-8F69-D16EF96C4A14}"
EndProject
Project("{2150E333-8FDC-42A3-9474-1A3956D46DE8}") = "services", "services", "{25F9EE97-65AD-4E39-9264-582759749E3B}"
EndProject
Project("{2150E333-8FDC-42A3-9474-1A3956D46DE8}") = "identityservice", "identityservice", "{20CD3B30-A463-4E7D-97C4-5C5ACC80F364}"
EndProject
Project("{2150E333-8FDC-42A3-9474-1A3956D46DE8}") = "src", "src", "{E9630AA1-0257-4F21-B854-339166D21FF2}"
EndProject
Project("{FAE04EC0-301F-11D3-BF4B-00C04F79EFBC}") = "identityservice.api", "src\services\identityservice\src\identityservice.api\identityservice.api.csproj", "{0D3D01DB-B849-40A7-B157-EC2921D1264B}"
EndProject
Project("{2150E333-8FDC-42A3-9474-1A3956D46DE8}") = "tests", "tests", "{823D44DC-E97D-4510-9A97-D347629F7CE9}"
EndProject
Project("{FAE04EC0-301F-11D3-BF4B-00C04F79EFBC}") = "identityservice.tests.unit", "src\services\identityservice\tests\identityservice.tests.unit\identityservice.tests.unit.csproj", "{4224FECD-C76E-4918-BF91-7B88A7C63538}"
EndProject
Project("{2150E333-8FDC-42A3-9474-1A3956D46DE8}") = "tests", "tests", "{2CD1F9CF-61BE-4A35-B5CB-4E38DE389292}"
EndProject
Project("{FAE04EC0-301F-11D3-BF4B-00C04F79EFBC}") = "unittests", "tests\unittests\unittests.csproj", "{DFD4E3B8-FE10-482C-9B78-1E061C01EEF6}"
EndProject
Project("{FAE04EC0-301F-11D3-BF4B-00C04F79EFBC}") = "integrationtests", "tests\integrationtests\integrationtests.csproj", "{CD2B3BBE-408E-48B1-8117-426AF9CD2B49}"
EndProject
Global
	GlobalSection(SolutionConfigurationPlatforms) = preSolution
		Debug|Any CPU = Debug|Any CPU
		Release|Any CPU = Release|Any CPU
	EndGlobalSection
	GlobalSection(SolutionProperties) = preSolution
		HideSolutionNode = FALSE
	EndGlobalSection
	GlobalSection(ProjectConfigurationPlatforms) = postSolution
		{0D3D01DB-B849-40A7-B157-EC2921D1264B}.Debug|Any CPU.ActiveCfg = Debug|Any CPU
		{0D3D01DB-B849-40A7-B157-EC2921D1264B}.Debug|Any CPU.Build.0 = Debug|Any CPU
		{0D3D01DB-B849-40A7-B157-EC2921D1264B}.Release|Any CPU.ActiveCfg = Release|Any CPU
		{0D3D01DB-B849-40A7-B157-EC2921D1264B}.Release|Any CPU.Build.0 = Release|Any CPU
		{4224FECD-C76E-4918-BF91-7B88A7C63538}.Debug|Any CPU.ActiveCfg = Debug|Any CPU
		{4224FECD-C76E-4918-BF91-7B88A7C63538}.Debug|Any CPU.Build.0 = Debug|Any CPU
		{4224FECD-C76E-4918-BF91-7B88A7C63538}.Release|Any CPU.ActiveCfg = Release|Any CPU
		{4224FECD-C76E-4918-BF91-7B88A7C63538}.Release|Any CPU.Build.0 = Release|Any CPU
		{DFD4E3B8-FE10-482C-9B78-1E061C01EEF6}.Debug|Any CPU.ActiveCfg = Debug|Any CPU
		{DFD4E3B8-FE10-482C-9B78-1E061C01EEF6}.Debug|Any CPU.Build.0 = Debug|Any CPU
		{DFD4E3B8-FE10-482C-9B78-1E061C01EEF6}.Release|Any CPU.ActiveCfg = Release|Any CPU
		{DFD4E3B8-FE10-482C-9B78-1E061C01EEF6}.Release|Any CPU.Build.0 = Release|Any CPU
		{CD2B3BBE-408E-48B1-8117-426AF9CD2B49}.Debug|Any CPU.ActiveCfg = Debug|Any CPU
		{CD2B3BBE-408E-48B1-8117-426AF9CD2B49}.Debug|Any CPU.Build.0 = Debug|Any CPU
		{CD2B3BBE-408E-48B1-8117-426AF9CD2B49}.Release|Any CPU.ActiveCfg = Release|Any CPU
		{CD2B3BBE-408E-48B1-8117-426AF9CD2B49}.Release|Any CPU.Build.0 = Release|Any CPU
	EndGlobalSection
	GlobalSection(NestedProjects) = preSolution
		{25F9EE97-65AD-4E39-9264-582759749E3B} = {427F375B-366C-4651-8F69-D16EF96C4A14}
		{20CD3B30-A463-4E7D-97C4-5C5ACC80F364} = {25F9EE97-65AD-4E39-9264-582759749E3B}
		{E9630AA1-0257-4F21-B854-339166D21FF2} = {20CD3B30-A463-4E7D-97C4-5C5ACC80F364}
		{0D3D01DB-B849-40A7-B157-EC2921D1264B} = {E9630AA1-0257-4F21-B854-339166D21FF2}
		{823D44DC-E97D-4510-9A97-D347629F7CE9} = {20CD3B30-A463-4E7D-97C4-5C5ACC80F364}
		{4224FECD-C76E-4918-BF91-7B88A7C63538} = {823D44DC-E97D-4510-9A97-D347629F7CE9}
		{DFD4E3B8-FE10-482C-9B78-1E061C01EEF6} = {2CD1F9CF-61BE-4A35-B5CB-4E38DE389292}
		{CD2B3BBE-408E-48B1-8117-426AF9CD2B49} = {2CD1F9CF-61BE-4A35-B5CB-4E38DE389292}
	EndGlobalSection
EndGlobal
