
Microsoft Visual Studio Solution File, Format Version 12.00
# Visual Studio Version 17
VisualStudioVersion = 17.0.31903.59
MinimumVisualStudioVersion = 10.0.40219.1

# Building Blocks
Project("{2150E333-8FDC-42A3-9474-1A3956D46DE8}") = "BuildingBlocks", "BuildingBlocks", "{A1B2C3D4-E5F6-4A5B-8C9D-0E1F2A3B4C5D}"
EndProject
Project("{FAE04EC0-301F-11D3-BF4B-00C04F79EFBC}") = "SharedKernel", "src\BuildingBlocks\SharedKernel\SharedKernel.csproj", "{B2C3D4E5-F6A7-4B5C-9D0E-1F2A3B4C5D6E}"
EndProject
Project("{FAE04EC0-301F-11D3-BF4B-00C04F79EFBC}") = "EventBus", "src\BuildingBlocks\EventBus\EventBus.csproj", "{C3D4E5F6-A7B8-4C5D-0E1F-2A3B4C5D6E7F}"
EndProject
Project("{FAE04EC0-301F-11D3-BF4B-00C04F79EFBC}") = "Common", "src\BuildingBlocks\Common\Common.csproj", "{D4E5F6A7-B8C9-4D5E-1F2A-3B4C5D6E7F8A}"
EndProject

# Services
Project("{2150E333-8FDC-42A3-9474-1A3956D46DE8}") = "Services", "Services", "{E5F6A7B8-C9D0-4E5F-2A3B-4C5D6E7F8A9B}"
EndProject

# Catalog Service
Project("{2150E333-8FDC-42A3-9474-1A3956D46DE8}") = "Catalog", "Catalog", "{F6A7B8C9-D0E1-4F5A-3B4C-5D6E7F8A9B0C}"
EndProject
Project("{FAE04EC0-301F-11D3-BF4B-00C04F79EFBC}") = "Catalog.Domain", "src\Services\Catalog\Catalog.Domain\Catalog.Domain.csproj", "{A7B8C9D0-E1F2-4A5B-4C5D-6E7F8A9B0C1D}"
EndProject
Project("{FAE04EC0-301F-11D3-BF4B-00C04F79EFBC}") = "Catalog.Application", "src\Services\Catalog\Catalog.Application\Catalog.Application.csproj", "{B8C9D0E1-F2A3-4B5C-5D6E-7F8A9B0C1D2E}"
EndProject
Project("{FAE04EC0-301F-11D3-BF4B-00C04F79EFBC}") = "Catalog.Infrastructure", "src\Services\Catalog\Catalog.Infrastructure\Catalog.Infrastructure.csproj", "{C9D0E1F2-A3B4-4C5D-6E7F-8A9B0C1D2E3F}"
EndProject
Project("{FAE04EC0-301F-11D3-BF4B-00C04F79EFBC}") = "Catalog.API", "src\Services\Catalog\Catalog.API\Catalog.API.csproj", "{D0E1F2A3-B4C5-4D6E-7F8A-9B0C1D2E3F4A}"
EndProject

# Billing Service
Project("{2150E333-8FDC-42A3-9474-1A3956D46DE8}") = "Billing", "Billing", "{E1F2A3B4-C5D6-4E7F-8A9B-0C1D2E3F4A5B}"
EndProject
Project("{FAE04EC0-301F-11D3-BF4B-00C04F79EFBC}") = "Billing.Domain", "src\Services\Billing\Billing.Domain\Billing.Domain.csproj", "{F2A3B4C5-D6E7-4F8A-9B0C-1D2E3F4A5B6C}"
EndProject
Project("{FAE04EC0-301F-11D3-BF4B-00C04F79EFBC}") = "Billing.Application", "src\Services\Billing\Billing.Application\Billing.Application.csproj", "{A3B4C5D6-E7F8-4A9B-0C1D-2E3F4A5B6C7D}"
EndProject
Project("{FAE04EC0-301F-11D3-BF4B-00C04F79EFBC}") = "Billing.Infrastructure", "src\Services\Billing\Billing.Infrastructure\Billing.Infrastructure.csproj", "{B4C5D6E7-F8A9-4B0C-1D2E-3F4A5B6C7D8E}"
EndProject
Project("{FAE04EC0-301F-11D3-BF4B-00C04F79EFBC}") = "Billing.API", "src\Services\Billing\Billing.API\Billing.API.csproj", "{C5D6E7F8-A9B0-4C1D-2E3F-4A5B6C7D8E9F}"
EndProject

# Customer Service
Project("{2150E333-8FDC-42A3-9474-1A3956D46DE8}") = "Customer", "Customer", "{D6E7F8A9-B0C1-4D2E-3F4A-5B6C7D8E9F0A}"
EndProject
Project("{FAE04EC0-301F-11D3-BF4B-00C04F79EFBC}") = "Customer.Domain", "src\Services\Customer\Customer.Domain\Customer.Domain.csproj", "{E7F8A9B0-C1D2-4E3F-4A5B-6C7D8E9F0A1B}"
EndProject
Project("{FAE04EC0-301F-11D3-BF4B-00C04F79EFBC}") = "Customer.Application", "src\Services\Customer\Customer.Application\Customer.Application.csproj", "{F8A9B0C1-D2E3-4F4A-5B6C-7D8E9F0A1B2C}"
EndProject
Project("{FAE04EC0-301F-11D3-BF4B-00C04F79EFBC}") = "Customer.Infrastructure", "src\Services\Customer\Customer.Infrastructure\Customer.Infrastructure.csproj", "{A9B0C1D2-E3F4-4A5B-6C7D-8E9F0A1B2C3D}"
EndProject
Project("{FAE04EC0-301F-11D3-BF4B-00C04F79EFBC}") = "Customer.API", "src\Services\Customer\Customer.API\Customer.API.csproj", "{B0C1D2E3-F4A5-4B6C-7D8E-9F0A1B2C3D4E}"
EndProject

# Provisioning Service
Project("{2150E333-8FDC-42A3-9474-1A3956D46DE8}") = "Provisioning", "Provisioning", "{C1D2E3F4-A5B6-4C7D-8E9F-0A1B2C3D4E5F}"
EndProject
Project("{FAE04EC0-301F-11D3-BF4B-00C04F79EFBC}") = "Provisioning.Domain", "src\Services\Provisioning\Provisioning.Domain\Provisioning.Domain.csproj", "{D2E3F4A5-B6C7-4D8E-9F0A-1B2C3D4E5F6A}"
EndProject
Project("{FAE04EC0-301F-11D3-BF4B-00C04F79EFBC}") = "Provisioning.Application", "src\Services\Provisioning\Provisioning.Application\Provisioning.Application.csproj", "{E3F4A5B6-C7D8-4E9F-0A1B-2C3D4E5F6A7B}"
EndProject
Project("{FAE04EC0-301F-11D3-BF4B-00C04F79EFBC}") = "Provisioning.Infrastructure", "src\Services\Provisioning\Provisioning.Infrastructure\Provisioning.Infrastructure.csproj", "{F4A5B6C7-D8E9-4F0A-1B2C-3D4E5F6A7B8C}"
EndProject
Project("{FAE04EC0-301F-11D3-BF4B-00C04F79EFBC}") = "Provisioning.API", "src\Services\Provisioning\Provisioning.API\Provisioning.API.csproj", "{A5B6C7D8-E9F0-4A1B-2C3D-4E5F6A7B8C9D}"
EndProject

# Gateway Service
Project("{2150E333-8FDC-42A3-9474-1A3956D46DE8}") = "Gateway", "Gateway", "{B6C7D8E9-F0A1-4B2C-3D4E-5F6A7B8C9D0E}"
EndProject
Project("{FAE04EC0-301F-11D3-BF4B-00C04F79EFBC}") = "Gateway.API", "src\Services\Gateway\Gateway.API\Gateway.API.csproj", "{C7D8E9F0-A1B2-4C3D-4E5F-6A7B8C9D0E1F}"
EndProject

# Tests
Project("{2150E333-8FDC-42A3-9474-1A3956D46DE8}") = "Tests", "Tests", "{D8E9F0A1-B2C3-4D4E-5F6A-7B8C9D0E1F2A}"
EndProject
Project("{FAE04EC0-301F-11D3-BF4B-00C04F79EFBC}") = "Catalog.UnitTests", "tests\Catalog.UnitTests\Catalog.UnitTests.csproj", "{9EA1B2C3-D4E5-4F6A-7B8C-9D0E1F2A3B4C}"
EndProject
Project("{FAE04EC0-301F-11D3-BF4B-00C04F79EFBC}") = "Billing.UnitTests", "tests\Billing.UnitTests\Billing.UnitTests.csproj", "{2F3E4D5C-6B7A-48C9-8D01-23456789ABCD}"
EndProject
Project("{FAE04EC0-301F-11D3-BF4B-00C04F79EFBC}") = "Catalog.IntegrationTests", "tests\Catalog.IntegrationTests\Catalog.IntegrationTests.csproj", "{8F7E6D5C-4B3A-2F1E-0D9C-8B7A6E5D4C3B}"
EndProject
Project("{FAE04EC0-301F-11D3-BF4B-00C04F79EFBC}") = "Billing.IntegrationTests", "tests\Billing.IntegrationTests\Billing.IntegrationTests.csproj", "{1A2B3C4D-5E6F-7081-92A3-B4C5D6E7F809}"
EndProject
Project("{FAE04EC0-301F-11D3-BF4B-00C04F79EFBC}") = "Customer.UnitTests", "tests\Customer.UnitTests\Customer.UnitTests.csproj", "{E31B7B2B-51D8-4B2A-9A01-2A3B4C5D6E70}"
EndProject
Project("{FAE04EC0-301F-11D3-BF4B-00C04F79EFBC}") = "Customer.IntegrationTests", "tests\Customer.IntegrationTests\Customer.IntegrationTests.csproj", "{F41C8C3C-62E9-4C3B-AB12-3B4C5D6E7F81}"
EndProject

Global
	GlobalSection(SolutionConfigurationPlatforms) = preSolution
		Debug|Any CPU = Debug|Any CPU
		Release|Any CPU = Release|Any CPU
	EndGlobalSection
	GlobalSection(ProjectConfigurationPlatforms) = postSolution
		{B2C3D4E5-F6A7-4B5C-9D0E-1F2A3B4C5D6E}.Debug|Any CPU.ActiveCfg = Debug|Any CPU
		{B2C3D4E5-F6A7-4B5C-9D0E-1F2A3B4C5D6E}.Debug|Any CPU.Build.0 = Debug|Any CPU
		{B2C3D4E5-F6A7-4B5C-9D0E-1F2A3B4C5D6E}.Release|Any CPU.ActiveCfg = Release|Any CPU
		{B2C3D4E5-F6A7-4B5C-9D0E-1F2A3B4C5D6E}.Release|Any CPU.Build.0 = Release|Any CPU
		{C3D4E5F6-A7B8-4C5D-0E1F-2A3B4C5D6E7F}.Debug|Any CPU.ActiveCfg = Debug|Any CPU
		{C3D4E5F6-A7B8-4C5D-0E1F-2A3B4C5D6E7F}.Debug|Any CPU.Build.0 = Debug|Any CPU
		{C3D4E5F6-A7B8-4C5D-0E1F-2A3B4C5D6E7F}.Release|Any CPU.ActiveCfg = Release|Any CPU
		{C3D4E5F6-A7B8-4C5D-0E1F-2A3B4C5D6E7F}.Release|Any CPU.Build.0 = Release|Any CPU
		{D4E5F6A7-B8C9-4D5E-1F2A-3B4C5D6E7F8A}.Debug|Any CPU.ActiveCfg = Debug|Any CPU
		{D4E5F6A7-B8C9-4D5E-1F2A-3B4C5D6E7F8A}.Debug|Any CPU.Build.0 = Debug|Any CPU
		{D4E5F6A7-B8C9-4D5E-1F2A-3B4C5D6E7F8A}.Release|Any CPU.ActiveCfg = Release|Any CPU
		{D4E5F6A7-B8C9-4D5E-1F2A-3B4C5D6E7F8A}.Release|Any CPU.Build.0 = Release|Any CPU
		{A7B8C9D0-E1F2-4A5B-4C5D-6E7F8A9B0C1D}.Debug|Any CPU.ActiveCfg = Debug|Any CPU
		{A7B8C9D0-E1F2-4A5B-4C5D-6E7F8A9B0C1D}.Debug|Any CPU.Build.0 = Debug|Any CPU
		{A7B8C9D0-E1F2-4A5B-4C5D-6E7F8A9B0C1D}.Release|Any CPU.ActiveCfg = Release|Any CPU
		{A7B8C9D0-E1F2-4A5B-4C5D-6E7F8A9B0C1D}.Release|Any CPU.Build.0 = Release|Any CPU
		{B8C9D0E1-F2A3-4B5C-5D6E-7F8A9B0C1D2E}.Debug|Any CPU.ActiveCfg = Debug|Any CPU
		{B8C9D0E1-F2A3-4B5C-5D6E-7F8A9B0C1D2E}.Debug|Any CPU.Build.0 = Debug|Any CPU
		{B8C9D0E1-F2A3-4B5C-5D6E-7F8A9B0C1D2E}.Release|Any CPU.ActiveCfg = Release|Any CPU
		{B8C9D0E1-F2A3-4B5C-5D6E-7F8A9B0C1D2E}.Release|Any CPU.Build.0 = Release|Any CPU
		{C9D0E1F2-A3B4-4C5D-6E7F-8A9B0C1D2E3F}.Debug|Any CPU.ActiveCfg = Debug|Any CPU
		{C9D0E1F2-A3B4-4C5D-6E7F-8A9B0C1D2E3F}.Debug|Any CPU.Build.0 = Debug|Any CPU
		{C9D0E1F2-A3B4-4C5D-6E7F-8A9B0C1D2E3F}.Release|Any CPU.ActiveCfg = Release|Any CPU
		{C9D0E1F2-A3B4-4C5D-6E7F-8A9B0C1D2E3F}.Release|Any CPU.Build.0 = Release|Any CPU
		{D0E1F2A3-B4C5-4D6E-7F8A-9B0C1D2E3F4A}.Debug|Any CPU.ActiveCfg = Debug|Any CPU
		{D0E1F2A3-B4C5-4D6E-7F8A-9B0C1D2E3F4A}.Debug|Any CPU.Build.0 = Debug|Any CPU
		{D0E1F2A3-B4C5-4D6E-7F8A-9B0C1D2E3F4A}.Release|Any CPU.ActiveCfg = Release|Any CPU
		{D0E1F2A3-B4C5-4D6E-7F8A-9B0C1D2E3F4A}.Release|Any CPU.Build.0 = Release|Any CPU
		{F2A3B4C5-D6E7-4F8A-9B0C-1D2E3F4A5B6C}.Debug|Any CPU.ActiveCfg = Debug|Any CPU
		{F2A3B4C5-D6E7-4F8A-9B0C-1D2E3F4A5B6C}.Debug|Any CPU.Build.0 = Debug|Any CPU
		{F2A3B4C5-D6E7-4F8A-9B0C-1D2E3F4A5B6C}.Release|Any CPU.ActiveCfg = Release|Any CPU
		{F2A3B4C5-D6E7-4F8A-9B0C-1D2E3F4A5B6C}.Release|Any CPU.Build.0 = Release|Any CPU
		{A3B4C5D6-E7F8-4A9B-0C1D-2E3F4A5B6C7D}.Debug|Any CPU.ActiveCfg = Debug|Any CPU
		{A3B4C5D6-E7F8-4A9B-0C1D-2E3F4A5B6C7D}.Debug|Any CPU.Build.0 = Debug|Any CPU
		{A3B4C5D6-E7F8-4A9B-0C1D-2E3F4A5B6C7D}.Release|Any CPU.ActiveCfg = Release|Any CPU
		{A3B4C5D6-E7F8-4A9B-0C1D-2E3F4A5B6C7D}.Release|Any CPU.Build.0 = Release|Any CPU
		{B4C5D6E7-F8A9-4B0C-1D2E-3F4A5B6C7D8E}.Debug|Any CPU.ActiveCfg = Debug|Any CPU
		{B4C5D6E7-F8A9-4B0C-1D2E-3F4A5B6C7D8E}.Debug|Any CPU.Build.0 = Debug|Any CPU
		{B4C5D6E7-F8A9-4B0C-1D2E-3F4A5B6C7D8E}.Release|Any CPU.ActiveCfg = Release|Any CPU
		{B4C5D6E7-F8A9-4B0C-1D2E-3F4A5B6C7D8E}.Release|Any CPU.Build.0 = Release|Any CPU
		{C5D6E7F8-A9B0-4C1D-2E3F-4A5B6C7D8E9F}.Debug|Any CPU.ActiveCfg = Debug|Any CPU
		{C5D6E7F8-A9B0-4C1D-2E3F-4A5B6C7D8E9F}.Debug|Any CPU.Build.0 = Debug|Any CPU
		{C5D6E7F8-A9B0-4C1D-2E3F-4A5B6C7D8E9F}.Release|Any CPU.ActiveCfg = Release|Any CPU
		{C5D6E7F8-A9B0-4C1D-2E3F-4A5B6C7D8E9F}.Release|Any CPU.Build.0 = Release|Any CPU
		{E7F8A9B0-C1D2-4E3F-4A5B-6C7D8E9F0A1B}.Debug|Any CPU.ActiveCfg = Debug|Any CPU
		{E7F8A9B0-C1D2-4E3F-4A5B-6C7D8E9F0A1B}.Debug|Any CPU.Build.0 = Debug|Any CPU
		{E7F8A9B0-C1D2-4E3F-4A5B-6C7D8E9F0A1B}.Release|Any CPU.ActiveCfg = Release|Any CPU
		{E7F8A9B0-C1D2-4E3F-4A5B-6C7D8E9F0A1B}.Release|Any CPU.Build.0 = Release|Any CPU
		{F8A9B0C1-D2E3-4F4A-5B6C-7D8E9F0A1B2C}.Debug|Any CPU.ActiveCfg = Debug|Any CPU
		{F8A9B0C1-D2E3-4F4A-5B6C-7D8E9F0A1B2C}.Debug|Any CPU.Build.0 = Debug|Any CPU
		{F8A9B0C1-D2E3-4F4A-5B6C-7D8E9F0A1B2C}.Release|Any CPU.ActiveCfg = Release|Any CPU
		{F8A9B0C1-D2E3-4F4A-5B6C-7D8E9F0A1B2C}.Release|Any CPU.Build.0 = Release|Any CPU
		{A9B0C1D2-E3F4-4A5B-6C7D-8E9F0A1B2C3D}.Debug|Any CPU.ActiveCfg = Debug|Any CPU
		{A9B0C1D2-E3F4-4A5B-6C7D-8E9F0A1B2C3D}.Debug|Any CPU.Build.0 = Debug|Any CPU
		{A9B0C1D2-E3F4-4A5B-6C7D-8E9F0A1B2C3D}.Release|Any CPU.ActiveCfg = Release|Any CPU
		{A9B0C1D2-E3F4-4A5B-6C7D-8E9F0A1B2C3D}.Release|Any CPU.Build.0 = Release|Any CPU
		{B0C1D2E3-F4A5-4B6C-7D8E-9F0A1B2C3D4E}.Debug|Any CPU.ActiveCfg = Debug|Any CPU
		{B0C1D2E3-F4A5-4B6C-7D8E-9F0A1B2C3D4E}.Debug|Any CPU.Build.0 = Debug|Any CPU
		{B0C1D2E3-F4A5-4B6C-7D8E-9F0A1B2C3D4E}.Release|Any CPU.ActiveCfg = Release|Any CPU
		{B0C1D2E3-F4A5-4B6C-7D8E-9F0A1B2C3D4E}.Release|Any CPU.Build.0 = Release|Any CPU
		{D2E3F4A5-B6C7-4D8E-9F0A-1B2C3D4E5F6A}.Debug|Any CPU.ActiveCfg = Debug|Any CPU
		{D2E3F4A5-B6C7-4D8E-9F0A-1B2C3D4E5F6A}.Debug|Any CPU.Build.0 = Debug|Any CPU
		{D2E3F4A5-B6C7-4D8E-9F0A-1B2C3D4E5F6A}.Release|Any CPU.ActiveCfg = Release|Any CPU
		{D2E3F4A5-B6C7-4D8E-9F0A-1B2C3D4E5F6A}.Release|Any CPU.Build.0 = Release|Any CPU
		{E3F4A5B6-C7D8-4E9F-0A1B-2C3D4E5F6A7B}.Debug|Any CPU.ActiveCfg = Debug|Any CPU
		{E3F4A5B6-C7D8-4E9F-0A1B-2C3D4E5F6A7B}.Debug|Any CPU.Build.0 = Debug|Any CPU
		{E3F4A5B6-C7D8-4E9F-0A1B-2C3D4E5F6A7B}.Release|Any CPU.ActiveCfg = Release|Any CPU
		{E3F4A5B6-C7D8-4E9F-0A1B-2C3D4E5F6A7B}.Release|Any CPU.Build.0 = Release|Any CPU
		{F4A5B6C7-D8E9-4F0A-1B2C-3D4E5F6A7B8C}.Debug|Any CPU.ActiveCfg = Debug|Any CPU
		{F4A5B6C7-D8E9-4F0A-1B2C-3D4E5F6A7B8C}.Debug|Any CPU.Build.0 = Debug|Any CPU
		{F4A5B6C7-D8E9-4F0A-1B2C-3D4E5F6A7B8C}.Release|Any CPU.ActiveCfg = Release|Any CPU
		{F4A5B6C7-D8E9-4F0A-1B2C-3D4E5F6A7B8C}.Release|Any CPU.Build.0 = Release|Any CPU
		{A5B6C7D8-E9F0-4A1B-2C3D-4E5F6A7B8C9D}.Debug|Any CPU.ActiveCfg = Debug|Any CPU
		{A5B6C7D8-E9F0-4A1B-2C3D-4E5F6A7B8C9D}.Debug|Any CPU.Build.0 = Debug|Any CPU
		{A5B6C7D8-E9F0-4A1B-2C3D-4E5F6A7B8C9D}.Release|Any CPU.ActiveCfg = Release|Any CPU
		{A5B6C7D8-E9F0-4A1B-2C3D-4E5F6A7B8C9D}.Release|Any CPU.Build.0 = Release|Any CPU
		{C7D8E9F0-A1B2-4C3D-4E5F-6A7B8C9D0E1F}.Debug|Any CPU.ActiveCfg = Debug|Any CPU
		{C7D8E9F0-A1B2-4C3D-4E5F-6A7B8C9D0E1F}.Debug|Any CPU.Build.0 = Debug|Any CPU
		{C7D8E9F0-A1B2-4C3D-4E5F-6A7B8C9D0E1F}.Release|Any CPU.ActiveCfg = Release|Any CPU
		{C7D8E9F0-A1B2-4C3D-4E5F-6A7B8C9D0E1F}.Release|Any CPU.Build.0 = Release|Any CPU
		{9EA1B2C3-D4E5-4F6A-7B8C-9D0E1F2A3B4C}.Debug|Any CPU.ActiveCfg = Debug|Any CPU
		{9EA1B2C3-D4E5-4F6A-7B8C-9D0E1F2A3B4C}.Debug|Any CPU.Build.0 = Debug|Any CPU
		{9EA1B2C3-D4E5-4F6A-7B8C-9D0E1F2A3B4C}.Release|Any CPU.ActiveCfg = Release|Any CPU
		{9EA1B2C3-D4E5-4F6A-7B8C-9D0E1F2A3B4C}.Release|Any CPU.Build.0 = Release|Any CPU
		{8F7E6D5C-4B3A-2F1E-0D9C-8B7A6E5D4C3B}.Debug|Any CPU.ActiveCfg = Debug|Any CPU
		{8F7E6D5C-4B3A-2F1E-0D9C-8B7A6E5D4C3B}.Debug|Any CPU.Build.0 = Debug|Any CPU
		{8F7E6D5C-4B3A-2F1E-0D9C-8B7A6E5D4C3B}.Release|Any CPU.ActiveCfg = Release|Any CPU
		{8F7E6D5C-4B3A-2F1E-0D9C-8B7A6E5D4C3B}.Release|Any CPU.Build.0 = Release|Any CPU
		{2F3E4D5C-6B7A-48C9-8D01-23456789ABCD}.Debug|Any CPU.ActiveCfg = Debug|Any CPU
		{2F3E4D5C-6B7A-48C9-8D01-23456789ABCD}.Debug|Any CPU.Build.0 = Debug|Any CPU
		{2F3E4D5C-6B7A-48C9-8D01-23456789ABCD}.Release|Any CPU.ActiveCfg = Release|Any CPU
		{2F3E4D5C-6B7A-48C9-8D01-23456789ABCD}.Release|Any CPU.Build.0 = Release|Any CPU	EndGlobalSection
	GlobalSection(NestedProjects) = preSolution
		{B2C3D4E5-F6A7-4B5C-9D0E-1F2A3B4C5D6E} = {A1B2C3D4-E5F6-4A5B-8C9D-0E1F2A3B4C5D}
		{C3D4E5F6-A7B8-4C5D-0E1F-2A3B4C5D6E7F} = {A1B2C3D4-E5F6-4A5B-8C9D-0E1F2A3B4C5D}
		{D4E5F6A7-B8C9-4D5E-1F2A-3B4C5D6E7F8A} = {A1B2C3D4-E5F6-4A5B-8C9D-0E1F2A3B4C5D}
		{F6A7B8C9-D0E1-4F5A-3B4C-5D6E7F8A9B0C} = {E5F6A7B8-C9D0-4E5F-2A3B-4C5D6E7F8A9B}
		{A7B8C9D0-E1F2-4A5B-4C5D-6E7F8A9B0C1D} = {F6A7B8C9-D0E1-4F5A-3B4C-5D6E7F8A9B0C}
		{B8C9D0E1-F2A3-4B5C-5D6E-7F8A9B0C1D2E} = {F6A7B8C9-D0E1-4F5A-3B4C-5D6E7F8A9B0C}
		{C9D0E1F2-A3B4-4C5D-6E7F-8A9B0C1D2E3F} = {F6A7B8C9-D0E1-4F5A-3B4C-5D6E7F8A9B0C}
		{D0E1F2A3-B4C5-4D6E-7F8A-9B0C1D2E3F4A} = {F6A7B8C9-D0E1-4F5A-3B4C-5D6E7F8A9B0C}
		{E1F2A3B4-C5D6-4E7F-8A9B-0C1D2E3F4A5B} = {E5F6A7B8-C9D0-4E5F-2A3B-4C5D6E7F8A9B}
		{F2A3B4C5-D6E7-4F8A-9B0C-1D2E3F4A5B6C} = {E1F2A3B4-C5D6-4E7F-8A9B-0C1D2E3F4A5B}
		{A3B4C5D6-E7F8-4A9B-0C1D-2E3F4A5B6C7D} = {E1F2A3B4-C5D6-4E7F-8A9B-0C1D2E3F4A5B}
		{B4C5D6E7-F8A9-4B0C-1D2E-3F4A5B6C7D8E} = {E1F2A3B4-C5D6-4E7F-8A9B-0C1D2E3F4A5B}
		{C5D6E7F8-A9B0-4C1D-2E3F-4A5B6C7D8E9F} = {E1F2A3B4-C5D6-4E7F-8A9B-0C1D2E3F4A5B}
		{D6E7F8A9-B0C1-4D2E-3F4A-5B6C7D8E9F0A} = {E5F6A7B8-C9D0-4E5F-2A3B-4C5D6E7F8A9B}
		{E7F8A9B0-C1D2-4E3F-4A5B-6C7D8E9F0A1B} = {D6E7F8A9-B0C1-4D2E-3F4A-5B6C7D8E9F0A}
		{F8A9B0C1-D2E3-4F4A-5B6C-7D8E9F0A1B2C} = {D6E7F8A9-B0C1-4D2E-3F4A-5B6C7D8E9F0A}
		{A9B0C1D2-E3F4-4A5B-6C7D-8E9F0A1B2C3D} = {D6E7F8A9-B0C1-4D2E-3F4A-5B6C7D8E9F0A}
		{B0C1D2E3-F4A5-4B6C-7D8E-9F0A1B2C3D4E} = {D6E7F8A9-B0C1-4D2E-3F4A-5B6C7D8E9F0A}
		{C1D2E3F4-A5B6-4C7D-8E9F-0A1B2C3D4E5F} = {E5F6A7B8-C9D0-4E5F-2A3B-4C5D6E7F8A9B}
		{D2E3F4A5-B6C7-4D8E-9F0A-1B2C3D4E5F6A} = {C1D2E3F4-A5B6-4C7D-8E9F-0A1B2C3D4E5F}
		{E3F4A5B6-C7D8-4E9F-0A1B-2C3D4E5F6A7B} = {C1D2E3F4-A5B6-4C7D-8E9F-0A1B2C3D4E5F}
		{F4A5B6C7-D8E9-4F0A-1B2C-3D4E5F6A7B8C} = {C1D2E3F4-A5B6-4C7D-8E9F-0A1B2C3D4E5F}
		{A5B6C7D8-E9F0-4A1B-2C3D-4E5F6A7B8C9D} = {C1D2E3F4-A5B6-4C7D-8E9F-0A1B2C3D4E5F}
		{B6C7D8E9-F0A1-4B2C-3D4E-5F6A7B8C9D0E} = {E5F6A7B8-C9D0-4E5F-2A3B-4C5D6E7F8A9B}
		{E31B7B2B-51D8-4B2A-9A01-2A3B4C5D6E70} = {D8E9F0A1-B2C3-4D4E-5F6A-7B8C9D0E1F2A}
		{F41C8C3C-62E9-4C3B-AB12-3B4C5D6E7F81} = {D8E9F0A1-B2C3-4D4E-5F6A-7B8C9D0E1F2A}
	EndGlobalSection
EndGlobal
